
Microsoft Visual Studio Solution File, Format Version 12.00
# Visual Studio Version 16
VisualStudioVersion = 16.6.30114.105
MinimumVisualStudioVersion = 10.0.40219.1
Project("{9A19103F-16F7-4668-BE54-9A1E7A4F7556}") = "R5T.T0021.X0002", "R5T.T0021.X0002\R5T.T0021.X0002.csproj", "{D736C2A2-5B15-4C7C-8B3F-A098D11828D6}"
EndProject
Project("{9A19103F-16F7-4668-BE54-9A1E7A4F7556}") = "R5T.T0021", "..\..\R5T.T0021\source\R5T.T0021\R5T.T0021.csproj", "{BB00E6CA-D21B-40F0-B949-4F4EC7753679}"
EndProject
Project("{2150E333-8FDC-42A3-9474-1A3956D46DE8}") = "_Dependencies", "_Dependencies", "{590AE629-24EE-497F-95CA-595E5B316961}"
EndProject
Project("{9A19103F-16F7-4668-BE54-9A1E7A4F7556}") = "R5T.T0021.X0002.X002", "R5T.T0021.X0002.X002\R5T.T0021.X0002.X002.csproj", "{24D8E671-8108-479B-9B99-F42149874143}"
EndProject
Project("{9A19103F-16F7-4668-BE54-9A1E7A4F7556}") = "R5T.T0119", "..\..\R5T.T0119\source\R5T.T0119\R5T.T0119.csproj", "{D11EC165-A5C8-43FF-8AE9-350CB531074C}"
EndProject
Project("{9A19103F-16F7-4668-BE54-9A1E7A4F7556}") = "R5T.T0120", "..\..\R5T.T0120\source\R5T.T0120\R5T.T0120.csproj", "{CEBA7782-14B5-46C0-AECE-4FB3CA0B34B9}"
EndProject
Global
	GlobalSection(SolutionConfigurationPlatforms) = preSolution
		Debug|Any CPU = Debug|Any CPU
		Debug|x64 = Debug|x64
		Debug|x86 = Debug|x86
		Release|Any CPU = Release|Any CPU
		Release|x64 = Release|x64
		Release|x86 = Release|x86
	EndGlobalSection
	GlobalSection(ProjectConfigurationPlatforms) = postSolution
		{D736C2A2-5B15-4C7C-8B3F-A098D11828D6}.Debug|Any CPU.ActiveCfg = Debug|Any CPU
		{D736C2A2-5B15-4C7C-8B3F-A098D11828D6}.Debug|Any CPU.Build.0 = Debug|Any CPU
		{D736C2A2-5B15-4C7C-8B3F-A098D11828D6}.Debug|x64.ActiveCfg = Debug|Any CPU
		{D736C2A2-5B15-4C7C-8B3F-A098D11828D6}.Debug|x64.Build.0 = Debug|Any CPU
		{D736C2A2-5B15-4C7C-8B3F-A098D11828D6}.Debug|x86.ActiveCfg = Debug|Any CPU
		{D736C2A2-5B15-4C7C-8B3F-A098D11828D6}.Debug|x86.Build.0 = Debug|Any CPU
		{D736C2A2-5B15-4C7C-8B3F-A098D11828D6}.Release|Any CPU.ActiveCfg = Release|Any CPU
		{D736C2A2-5B15-4C7C-8B3F-A098D11828D6}.Release|Any CPU.Build.0 = Release|Any CPU
		{D736C2A2-5B15-4C7C-8B3F-A098D11828D6}.Release|x64.ActiveCfg = Release|Any CPU
		{D736C2A2-5B15-4C7C-8B3F-A098D11828D6}.Release|x64.Build.0 = Release|Any CPU
		{D736C2A2-5B15-4C7C-8B3F-A098D11828D6}.Release|x86.ActiveCfg = Release|Any CPU
		{D736C2A2-5B15-4C7C-8B3F-A098D11828D6}.Release|x86.Build.0 = Release|Any CPU
		{BB00E6CA-D21B-40F0-B949-4F4EC7753679}.Debug|Any CPU.ActiveCfg = Debug|Any CPU
		{BB00E6CA-D21B-40F0-B949-4F4EC7753679}.Debug|Any CPU.Build.0 = Debug|Any CPU
		{BB00E6CA-D21B-40F0-B949-4F4EC7753679}.Debug|x64.ActiveCfg = Debug|Any CPU
		{BB00E6CA-D21B-40F0-B949-4F4EC7753679}.Debug|x64.Build.0 = Debug|Any CPU
		{BB00E6CA-D21B-40F0-B949-4F4EC7753679}.Debug|x86.ActiveCfg = Debug|Any CPU
		{BB00E6CA-D21B-40F0-B949-4F4EC7753679}.Debug|x86.Build.0 = Debug|Any CPU
		{BB00E6CA-D21B-40F0-B949-4F4EC7753679}.Release|Any CPU.ActiveCfg = Release|Any CPU
		{BB00E6CA-D21B-40F0-B949-4F4EC7753679}.Release|Any CPU.Build.0 = Release|Any CPU
		{BB00E6CA-D21B-40F0-B949-4F4EC7753679}.Release|x64.ActiveCfg = Release|Any CPU
		{BB00E6CA-D21B-40F0-B949-4F4EC7753679}.Release|x64.Build.0 = Release|Any CPU
		{BB00E6CA-D21B-40F0-B949-4F4EC7753679}.Release|x86.ActiveCfg = Release|Any CPU
		{BB00E6CA-D21B-40F0-B949-4F4EC7753679}.Release|x86.Build.0 = Release|Any CPU
		{24D8E671-8108-479B-9B99-F42149874143}.Debug|Any CPU.ActiveCfg = Debug|Any CPU
		{24D8E671-8108-479B-9B99-F42149874143}.Debug|Any CPU.Build.0 = Debug|Any CPU
		{24D8E671-8108-479B-9B99-F42149874143}.Debug|x64.ActiveCfg = Debug|Any CPU
		{24D8E671-8108-479B-9B99-F42149874143}.Debug|x64.Build.0 = Debug|Any CPU
		{24D8E671-8108-479B-9B99-F42149874143}.Debug|x86.ActiveCfg = Debug|Any CPU
		{24D8E671-8108-479B-9B99-F42149874143}.Debug|x86.Build.0 = Debug|Any CPU
		{24D8E671-8108-479B-9B99-F42149874143}.Release|Any CPU.ActiveCfg = Release|Any CPU
		{24D8E671-8108-479B-9B99-F42149874143}.Release|Any CPU.Build.0 = Release|Any CPU
		{24D8E671-8108-479B-9B99-F42149874143}.Release|x64.ActiveCfg = Release|Any CPU
		{24D8E671-8108-479B-9B99-F42149874143}.Release|x64.Build.0 = Release|Any CPU
		{24D8E671-8108-479B-9B99-F42149874143}.Release|x86.ActiveCfg = Release|Any CPU
		{24D8E671-8108-479B-9B99-F42149874143}.Release|x86.Build.0 = Release|Any CPU
		{D11EC165-A5C8-43FF-8AE9-350CB531074C}.Debug|Any CPU.ActiveCfg = Debug|Any CPU
		{D11EC165-A5C8-43FF-8AE9-350CB531074C}.Debug|Any CPU.Build.0 = Debug|Any CPU
		{D11EC165-A5C8-43FF-8AE9-350CB531074C}.Debug|x64.ActiveCfg = Debug|Any CPU
		{D11EC165-A5C8-43FF-8AE9-350CB531074C}.Debug|x64.Build.0 = Debug|Any CPU
		{D11EC165-A5C8-43FF-8AE9-350CB531074C}.Debug|x86.ActiveCfg = Debug|Any CPU
		{D11EC165-A5C8-43FF-8AE9-350CB531074C}.Debug|x86.Build.0 = Debug|Any CPU
		{D11EC165-A5C8-43FF-8AE9-350CB531074C}.Release|Any CPU.ActiveCfg = Release|Any CPU
		{D11EC165-A5C8-43FF-8AE9-350CB531074C}.Release|Any CPU.Build.0 = Release|Any CPU
		{D11EC165-A5C8-43FF-8AE9-350CB531074C}.Release|x64.ActiveCfg = Release|Any CPU
		{D11EC165-A5C8-43FF-8AE9-350CB531074C}.Release|x64.Build.0 = Release|Any CPU
		{D11EC165-A5C8-43FF-8AE9-350CB531074C}.Release|x86.ActiveCfg = Release|Any CPU
		{D11EC165-A5C8-43FF-8AE9-350CB531074C}.Release|x86.Build.0 = Release|Any CPU
		{CEBA7782-14B5-46C0-AECE-4FB3CA0B34B9}.Debug|Any CPU.ActiveCfg = Debug|Any CPU
		{CEBA7782-14B5-46C0-AECE-4FB3CA0B34B9}.Debug|Any CPU.Build.0 = Debug|Any CPU
		{CEBA7782-14B5-46C0-AECE-4FB3CA0B34B9}.Debug|x64.ActiveCfg = Debug|Any CPU
		{CEBA7782-14B5-46C0-AECE-4FB3CA0B34B9}.Debug|x64.Build.0 = Debug|Any CPU
		{CEBA7782-14B5-46C0-AECE-4FB3CA0B34B9}.Debug|x86.ActiveCfg = Debug|Any CPU
		{CEBA7782-14B5-46C0-AECE-4FB3CA0B34B9}.Debug|x86.Build.0 = Debug|Any CPU
		{CEBA7782-14B5-46C0-AECE-4FB3CA0B34B9}.Release|Any CPU.ActiveCfg = Release|Any CPU
		{CEBA7782-14B5-46C0-AECE-4FB3CA0B34B9}.Release|Any CPU.Build.0 = Release|Any CPU
		{CEBA7782-14B5-46C0-AECE-4FB3CA0B34B9}.Release|x64.ActiveCfg = Release|Any CPU
		{CEBA7782-14B5-46C0-AECE-4FB3CA0B34B9}.Release|x64.Build.0 = Release|Any CPU
		{CEBA7782-14B5-46C0-AECE-4FB3CA0B34B9}.Release|x86.ActiveCfg = Release|Any CPU
		{CEBA7782-14B5-46C0-AECE-4FB3CA0B34B9}.Release|x86.Build.0 = Release|Any CPU
	EndGlobalSection
	GlobalSection(SolutionProperties) = preSolution
		HideSolutionNode = FALSE
	EndGlobalSection
	GlobalSection(NestedProjects) = preSolution
		{BB00E6CA-D21B-40F0-B949-4F4EC7753679} = {590AE629-24EE-497F-95CA-595E5B316961}
		{D11EC165-A5C8-43FF-8AE9-350CB531074C} = {590AE629-24EE-497F-95CA-595E5B316961}
		{CEBA7782-14B5-46C0-AECE-4FB3CA0B34B9} = {590AE629-24EE-497F-95CA-595E5B316961}
	EndGlobalSection
	GlobalSection(ExtensibilityGlobals) = postSolution
		SolutionGuid = {A660E6D4-CEE5-4530-9BB0-156FD54AA068}
	EndGlobalSection
EndGlobal
