
Microsoft Visual Studio Solution File, Format Version 12.00
# Visual Studio Version 17
VisualStudioVersion = 17.2.32630.192
MinimumVisualStudioVersion = 10.0.40219.1
Project("{FAE04EC0-301F-11D3-BF4B-00C04F79EFBC}") = "R5T.T0021.X0002.Construction", "R5T.T0021.X0002.Construction\R5T.T0021.X0002.Construction.csproj", "{A656219F-F8BB-4BBF-8BCA-60B53452DCC5}"
EndProject
Project("{FAE04EC0-301F-11D3-BF4B-00C04F79EFBC}") = "R5T.T0021.X0002", "R5T.T0021.X0002\R5T.T0021.X0002.csproj", "{1FF1F843-F838-42D2-83EC-CDCCDB2D649B}"
EndProject
Project("{2150E333-8FDC-42A3-9474-1A3956D46DE8}") = "_Dependencies", "_Dependencies", "{C1D9E38E-B266-42A1-B60E-581D48FE616B}"
EndProject
Project("{9A19103F-16F7-4668-BE54-9A1E7A4F7556}") = "R5T.T0021", "..\..\R5T.T0021\source\R5T.T0021\R5T.T0021.csproj", "{49B76FEE-192A-4D19-8BF2-D132F553B353}"
EndProject
Project("{9A19103F-16F7-4668-BE54-9A1E7A4F7556}") = "R5T.T0039.T002", "..\..\R5T.T0039\source\R5T.T0039.T002\R5T.T0039.T002.csproj", "{EAF68FAA-D7BB-4AD6-B2EF-671B85B0E634}"
EndProject
Global
	GlobalSection(NestedProjects) = preSolution
		{49B76FEE-192A-4D19-8BF2-D132F553B353} = {C1D9E38E-B266-42A1-B60E-581D48FE616B}
		{EAF68FAA-D7BB-4AD6-B2EF-671B85B0E634} = {C1D9E38E-B266-42A1-B60E-581D48FE616B}
	EndGlobalSection
	GlobalSection(SolutionConfigurationPlatforms) = preSolution
		Debug|Any CPU = Debug|Any CPU
		Debug|x64 = Debug|x64
		Debug|x86 = Debug|x86
		Release|Any CPU = Release|Any CPU
		Release|x64 = Release|x64
		Release|x86 = Release|x86
	EndGlobalSection
	GlobalSection(ProjectConfigurationPlatforms) = postSolution
		{A656219F-F8BB-4BBF-8BCA-60B53452DCC5}.Debug|Any CPU.ActiveCfg = Debug|Any CPU
		{A656219F-F8BB-4BBF-8BCA-60B53452DCC5}.Debug|Any CPU.Build.0 = Debug|Any CPU
		{A656219F-F8BB-4BBF-8BCA-60B53452DCC5}.Debug|x64.ActiveCfg = Debug|Any CPU
		{A656219F-F8BB-4BBF-8BCA-60B53452DCC5}.Debug|x64.Build.0 = Debug|Any CPU
		{A656219F-F8BB-4BBF-8BCA-60B53452DCC5}.Debug|x86.ActiveCfg = Debug|Any CPU
		{A656219F-F8BB-4BBF-8BCA-60B53452DCC5}.Debug|x86.Build.0 = Debug|Any CPU
		{A656219F-F8BB-4BBF-8BCA-60B53452DCC5}.Release|Any CPU.ActiveCfg = Release|Any CPU
		{A656219F-F8BB-4BBF-8BCA-60B53452DCC5}.Release|Any CPU.Build.0 = Release|Any CPU
		{A656219F-F8BB-4BBF-8BCA-60B53452DCC5}.Release|x64.ActiveCfg = Release|Any CPU
		{A656219F-F8BB-4BBF-8BCA-60B53452DCC5}.Release|x64.Build.0 = Release|Any CPU
		{A656219F-F8BB-4BBF-8BCA-60B53452DCC5}.Release|x86.ActiveCfg = Release|Any CPU
		{A656219F-F8BB-4BBF-8BCA-60B53452DCC5}.Release|x86.Build.0 = Release|Any CPU
		{1FF1F843-F838-42D2-83EC-CDCCDB2D649B}.Debug|Any CPU.ActiveCfg = Debug|Any CPU
		{1FF1F843-F838-42D2-83EC-CDCCDB2D649B}.Debug|Any CPU.Build.0 = Debug|Any CPU
		{1FF1F843-F838-42D2-83EC-CDCCDB2D649B}.Debug|x64.ActiveCfg = Debug|Any CPU
		{1FF1F843-F838-42D2-83EC-CDCCDB2D649B}.Debug|x64.Build.0 = Debug|Any CPU
		{1FF1F843-F838-42D2-83EC-CDCCDB2D649B}.Debug|x86.ActiveCfg = Debug|Any CPU
		{1FF1F843-F838-42D2-83EC-CDCCDB2D649B}.Debug|x86.Build.0 = Debug|Any CPU
		{1FF1F843-F838-42D2-83EC-CDCCDB2D649B}.Release|Any CPU.ActiveCfg = Release|Any CPU
		{1FF1F843-F838-42D2-83EC-CDCCDB2D649B}.Release|Any CPU.Build.0 = Release|Any CPU
		{1FF1F843-F838-42D2-83EC-CDCCDB2D649B}.Release|x64.ActiveCfg = Release|Any CPU
		{1FF1F843-F838-42D2-83EC-CDCCDB2D649B}.Release|x64.Build.0 = Release|Any CPU
		{1FF1F843-F838-42D2-83EC-CDCCDB2D649B}.Release|x86.ActiveCfg = Release|Any CPU
		{1FF1F843-F838-42D2-83EC-CDCCDB2D649B}.Release|x86.Build.0 = Release|Any CPU
		{49B76FEE-192A-4D19-8BF2-D132F553B353}.Debug|Any CPU.ActiveCfg = Debug|Any CPU
		{49B76FEE-192A-4D19-8BF2-D132F553B353}.Debug|Any CPU.Build.0 = Debug|Any CPU
		{49B76FEE-192A-4D19-8BF2-D132F553B353}.Debug|x64.ActiveCfg = Debug|Any CPU
		{49B76FEE-192A-4D19-8BF2-D132F553B353}.Debug|x64.Build.0 = Debug|Any CPU
		{49B76FEE-192A-4D19-8BF2-D132F553B353}.Debug|x86.ActiveCfg = Debug|Any CPU
		{49B76FEE-192A-4D19-8BF2-D132F553B353}.Debug|x86.Build.0 = Debug|Any CPU
		{49B76FEE-192A-4D19-8BF2-D132F553B353}.Release|Any CPU.ActiveCfg = Release|Any CPU
		{49B76FEE-192A-4D19-8BF2-D132F553B353}.Release|Any CPU.Build.0 = Release|Any CPU
		{49B76FEE-192A-4D19-8BF2-D132F553B353}.Release|x64.ActiveCfg = Release|Any CPU
		{49B76FEE-192A-4D19-8BF2-D132F553B353}.Release|x64.Build.0 = Release|Any CPU
		{49B76FEE-192A-4D19-8BF2-D132F553B353}.Release|x86.ActiveCfg = Release|Any CPU
		{49B76FEE-192A-4D19-8BF2-D132F553B353}.Release|x86.Build.0 = Release|Any CPU
		{EAF68FAA-D7BB-4AD6-B2EF-671B85B0E634}.Debug|Any CPU.ActiveCfg = Debug|Any CPU
		{EAF68FAA-D7BB-4AD6-B2EF-671B85B0E634}.Debug|Any CPU.Build.0 = Debug|Any CPU
		{EAF68FAA-D7BB-4AD6-B2EF-671B85B0E634}.Debug|x64.ActiveCfg = Debug|Any CPU
		{EAF68FAA-D7BB-4AD6-B2EF-671B85B0E634}.Debug|x64.Build.0 = Debug|Any CPU
		{EAF68FAA-D7BB-4AD6-B2EF-671B85B0E634}.Debug|x86.ActiveCfg = Debug|Any CPU
		{EAF68FAA-D7BB-4AD6-B2EF-671B85B0E634}.Debug|x86.Build.0 = Debug|Any CPU
		{EAF68FAA-D7BB-4AD6-B2EF-671B85B0E634}.Release|Any CPU.ActiveCfg = Release|Any CPU
		{EAF68FAA-D7BB-4AD6-B2EF-671B85B0E634}.Release|Any CPU.Build.0 = Release|Any CPU
		{EAF68FAA-D7BB-4AD6-B2EF-671B85B0E634}.Release|x64.ActiveCfg = Release|Any CPU
		{EAF68FAA-D7BB-4AD6-B2EF-671B85B0E634}.Release|x64.Build.0 = Release|Any CPU
		{EAF68FAA-D7BB-4AD6-B2EF-671B85B0E634}.Release|x86.ActiveCfg = Release|Any CPU
		{EAF68FAA-D7BB-4AD6-B2EF-671B85B0E634}.Release|x86.Build.0 = Release|Any CPU
	EndGlobalSection
	GlobalSection(SolutionProperties) = preSolution
		HideSolutionNode = FALSE
	EndGlobalSection
EndGlobal
