
Microsoft Visual Studio Solution File, Format Version 12.00
# Visual Studio Version 17
VisualStudioVersion = 17.2.32630.192
MinimumVisualStudioVersion = 10.0.40219.1
Project("{9A19103F-16F7-4668-BE54-9A1E7A4F7556}") = "R5T.T0021.X0002", "R5T.T0021.X0002\R5T.T0021.X0002.csproj", "{D736C2A2-5B15-4C7C-8B3F-A098D11828D6}"
EndProject
Project("{9A19103F-16F7-4668-BE54-9A1E7A4F7556}") = "R5T.T0021", "..\..\R5T.T0021\source\R5T.T0021\R5T.T0021.csproj", "{BB00E6CA-D21B-40F0-B949-4F4EC7753679}"
EndProject
Project("{2150E333-8FDC-42A3-9474-1A3956D46DE8}") = "_Dependencies", "_Dependencies", "{590AE629-24EE-497F-95CA-595E5B316961}"
EndProject
Project("{9A19103F-16F7-4668-BE54-9A1E7A4F7556}") = "R5T.T0021.X0002.X002", "R5T.T0021.X0002.X002\R5T.T0021.X0002.X002.csproj", "{24D8E671-8108-479B-9B99-F42149874143}"
EndProject
Project("{9A19103F-16F7-4668-BE54-9A1E7A4F7556}") = "R5T.T0119", "..\..\R5T.T0119\source\R5T.T0119\R5T.T0119.csproj", "{D11EC165-A5C8-43FF-8AE9-350CB531074C}"
EndProject
Project("{9A19103F-16F7-4668-BE54-9A1E7A4F7556}") = "R5T.T0120", "..\..\R5T.T0120\source\R5T.T0120\R5T.T0120.csproj", "{CEBA7782-14B5-46C0-AECE-4FB3CA0B34B9}"
EndProject
Project("{9A19103F-16F7-4668-BE54-9A1E7A4F7556}") = "R5T.T0039.T002", "..\..\R5T.T0039\source\R5T.T0039.T002\R5T.T0039.T002.csproj", "{B14BB07B-8693-47C2-AA21-1EA6F97F9683}"
EndProject
Project("{9A19103F-16F7-4668-BE54-9A1E7A4F7556}") = "R5T.Magyar", "..\..\R5T.Magyar\source\R5T.Magyar\R5T.Magyar.csproj", "{876CD27E-9228-486A-B1AE-6A9911492D68}"
EndProject
Project("{9A19103F-16F7-4668-BE54-9A1E7A4F7556}") = "R5T.F0000.T000", "..\..\R5T.F0000\source\R5T.F0000.T000\R5T.F0000.T000.csproj", "{CD3767EE-8BBB-4C9C-99BB-52607681BB7D}"
EndProject
Project("{9A19103F-16F7-4668-BE54-9A1E7A4F7556}") = "R5T.T0132", "..\..\R5T.T0132\source\R5T.T0132\R5T.T0132.csproj", "{344CE2E7-4A8C-4D1E-9F92-521907A6F40F}"
EndProject
Project("{9A19103F-16F7-4668-BE54-9A1E7A4F7556}") = "R5T.T0142", "..\..\R5T.T0142\source\R5T.T0142\R5T.T0142.csproj", "{C4AEBD0D-F877-42B3-A208-E6ED3D65EB9C}"
EndProject
Project("{9A19103F-16F7-4668-BE54-9A1E7A4F7556}") = "R5T.T0143", "..\..\R5T.T0143\source\R5T.T0143\R5T.T0143.csproj", "{B4954C6B-C80F-400D-8FB8-4F17A9B38D65}"
EndProject
Project("{9A19103F-16F7-4668-BE54-9A1E7A4F7556}") = "R5T.T0156", "..\..\R5T.T0156\source\R5T.T0156\R5T.T0156.csproj", "{D0AAA75E-27DA-42E9-8AED-18697DEC029B}"
EndProject
Project("{9A19103F-16F7-4668-BE54-9A1E7A4F7556}") = "R5T.T0178", "..\..\R5T.T0178\source\R5T.T0178\R5T.T0178.csproj", "{466FD029-CB67-4D29-9ECE-B72AB3F31DCF}"
EndProject
Project("{9A19103F-16F7-4668-BE54-9A1E7A4F7556}") = "R5T.T0179", "..\..\R5T.T0179\source\R5T.T0179\R5T.T0179.csproj", "{998640E0-80C5-4C9A-9751-5253421EE3F3}"
EndProject
Project("{9A19103F-16F7-4668-BE54-9A1E7A4F7556}") = "R5T.Y0000", "..\..\R5T.Y0000\source\R5T.Y0000\R5T.Y0000.csproj", "{81C3E814-E03A-4982-B657-20DE98CCD5D5}"
EndProject
Global
	GlobalSection(NestedProjects) = preSolution
		{BB00E6CA-D21B-40F0-B949-4F4EC7753679} = {590AE629-24EE-497F-95CA-595E5B316961}
		{D11EC165-A5C8-43FF-8AE9-350CB531074C} = {590AE629-24EE-497F-95CA-595E5B316961}
		{CEBA7782-14B5-46C0-AECE-4FB3CA0B34B9} = {590AE629-24EE-497F-95CA-595E5B316961}
		{B14BB07B-8693-47C2-AA21-1EA6F97F9683} = {590AE629-24EE-497F-95CA-595E5B316961}
		{876CD27E-9228-486A-B1AE-6A9911492D68} = {590AE629-24EE-497F-95CA-595E5B316961}
		{CD3767EE-8BBB-4C9C-99BB-52607681BB7D} = {590AE629-24EE-497F-95CA-595E5B316961}
		{344CE2E7-4A8C-4D1E-9F92-521907A6F40F} = {590AE629-24EE-497F-95CA-595E5B316961}
		{C4AEBD0D-F877-42B3-A208-E6ED3D65EB9C} = {590AE629-24EE-497F-95CA-595E5B316961}
		{B4954C6B-C80F-400D-8FB8-4F17A9B38D65} = {590AE629-24EE-497F-95CA-595E5B316961}
		{D0AAA75E-27DA-42E9-8AED-18697DEC029B} = {590AE629-24EE-497F-95CA-595E5B316961}
		{466FD029-CB67-4D29-9ECE-B72AB3F31DCF} = {590AE629-24EE-497F-95CA-595E5B316961}
		{998640E0-80C5-4C9A-9751-5253421EE3F3} = {590AE629-24EE-497F-95CA-595E5B316961}
		{81C3E814-E03A-4982-B657-20DE98CCD5D5} = {590AE629-24EE-497F-95CA-595E5B316961}
	EndGlobalSection
	GlobalSection(SolutionConfigurationPlatforms) = preSolution
		Debug|Any CPU = Debug|Any CPU
		Debug|x64 = Debug|x64
		Debug|x86 = Debug|x86
		Release|Any CPU = Release|Any CPU
		Release|x64 = Release|x64
		Release|x86 = Release|x86
	EndGlobalSection
	GlobalSection(ProjectConfigurationPlatforms) = postSolution
		{D736C2A2-5B15-4C7C-8B3F-A098D11828D6}.Debug|Any CPU.ActiveCfg = Debug|Any CPU
		{D736C2A2-5B15-4C7C-8B3F-A098D11828D6}.Debug|Any CPU.Build.0 = Debug|Any CPU
		{D736C2A2-5B15-4C7C-8B3F-A098D11828D6}.Debug|x64.ActiveCfg = Debug|Any CPU
		{D736C2A2-5B15-4C7C-8B3F-A098D11828D6}.Debug|x64.Build.0 = Debug|Any CPU
		{D736C2A2-5B15-4C7C-8B3F-A098D11828D6}.Debug|x86.ActiveCfg = Debug|Any CPU
		{D736C2A2-5B15-4C7C-8B3F-A098D11828D6}.Debug|x86.Build.0 = Debug|Any CPU
		{D736C2A2-5B15-4C7C-8B3F-A098D11828D6}.Release|Any CPU.ActiveCfg = Release|Any CPU
		{D736C2A2-5B15-4C7C-8B3F-A098D11828D6}.Release|Any CPU.Build.0 = Release|Any CPU
		{D736C2A2-5B15-4C7C-8B3F-A098D11828D6}.Release|x64.ActiveCfg = Release|Any CPU
		{D736C2A2-5B15-4C7C-8B3F-A098D11828D6}.Release|x64.Build.0 = Release|Any CPU
		{D736C2A2-5B15-4C7C-8B3F-A098D11828D6}.Release|x86.ActiveCfg = Release|Any CPU
		{D736C2A2-5B15-4C7C-8B3F-A098D11828D6}.Release|x86.Build.0 = Release|Any CPU
		{BB00E6CA-D21B-40F0-B949-4F4EC7753679}.Debug|Any CPU.ActiveCfg = Debug|Any CPU
		{BB00E6CA-D21B-40F0-B949-4F4EC7753679}.Debug|Any CPU.Build.0 = Debug|Any CPU
		{BB00E6CA-D21B-40F0-B949-4F4EC7753679}.Debug|x64.ActiveCfg = Debug|Any CPU
		{BB00E6CA-D21B-40F0-B949-4F4EC7753679}.Debug|x64.Build.0 = Debug|Any CPU
		{BB00E6CA-D21B-40F0-B949-4F4EC7753679}.Debug|x86.ActiveCfg = Debug|Any CPU
		{BB00E6CA-D21B-40F0-B949-4F4EC7753679}.Debug|x86.Build.0 = Debug|Any CPU
		{BB00E6CA-D21B-40F0-B949-4F4EC7753679}.Release|Any CPU.ActiveCfg = Release|Any CPU
		{BB00E6CA-D21B-40F0-B949-4F4EC7753679}.Release|Any CPU.Build.0 = Release|Any CPU
		{BB00E6CA-D21B-40F0-B949-4F4EC7753679}.Release|x64.ActiveCfg = Release|Any CPU
		{BB00E6CA-D21B-40F0-B949-4F4EC7753679}.Release|x64.Build.0 = Release|Any CPU
		{BB00E6CA-D21B-40F0-B949-4F4EC7753679}.Release|x86.ActiveCfg = Release|Any CPU
		{BB00E6CA-D21B-40F0-B949-4F4EC7753679}.Release|x86.Build.0 = Release|Any CPU
		{24D8E671-8108-479B-9B99-F42149874143}.Debug|Any CPU.ActiveCfg = Debug|Any CPU
		{24D8E671-8108-479B-9B99-F42149874143}.Debug|Any CPU.Build.0 = Debug|Any CPU
		{24D8E671-8108-479B-9B99-F42149874143}.Debug|x64.ActiveCfg = Debug|Any CPU
		{24D8E671-8108-479B-9B99-F42149874143}.Debug|x64.Build.0 = Debug|Any CPU
		{24D8E671-8108-479B-9B99-F42149874143}.Debug|x86.ActiveCfg = Debug|Any CPU
		{24D8E671-8108-479B-9B99-F42149874143}.Debug|x86.Build.0 = Debug|Any CPU
		{24D8E671-8108-479B-9B99-F42149874143}.Release|Any CPU.ActiveCfg = Release|Any CPU
		{24D8E671-8108-479B-9B99-F42149874143}.Release|Any CPU.Build.0 = Release|Any CPU
		{24D8E671-8108-479B-9B99-F42149874143}.Release|x64.ActiveCfg = Release|Any CPU
		{24D8E671-8108-479B-9B99-F42149874143}.Release|x64.Build.0 = Release|Any CPU
		{24D8E671-8108-479B-9B99-F42149874143}.Release|x86.ActiveCfg = Release|Any CPU
		{24D8E671-8108-479B-9B99-F42149874143}.Release|x86.Build.0 = Release|Any CPU
		{D11EC165-A5C8-43FF-8AE9-350CB531074C}.Debug|Any CPU.ActiveCfg = Debug|Any CPU
		{D11EC165-A5C8-43FF-8AE9-350CB531074C}.Debug|Any CPU.Build.0 = Debug|Any CPU
		{D11EC165-A5C8-43FF-8AE9-350CB531074C}.Debug|x64.ActiveCfg = Debug|Any CPU
		{D11EC165-A5C8-43FF-8AE9-350CB531074C}.Debug|x64.Build.0 = Debug|Any CPU
		{D11EC165-A5C8-43FF-8AE9-350CB531074C}.Debug|x86.ActiveCfg = Debug|Any CPU
		{D11EC165-A5C8-43FF-8AE9-350CB531074C}.Debug|x86.Build.0 = Debug|Any CPU
		{D11EC165-A5C8-43FF-8AE9-350CB531074C}.Release|Any CPU.ActiveCfg = Release|Any CPU
		{D11EC165-A5C8-43FF-8AE9-350CB531074C}.Release|Any CPU.Build.0 = Release|Any CPU
		{D11EC165-A5C8-43FF-8AE9-350CB531074C}.Release|x64.ActiveCfg = Release|Any CPU
		{D11EC165-A5C8-43FF-8AE9-350CB531074C}.Release|x64.Build.0 = Release|Any CPU
		{D11EC165-A5C8-43FF-8AE9-350CB531074C}.Release|x86.ActiveCfg = Release|Any CPU
		{D11EC165-A5C8-43FF-8AE9-350CB531074C}.Release|x86.Build.0 = Release|Any CPU
		{CEBA7782-14B5-46C0-AECE-4FB3CA0B34B9}.Debug|Any CPU.ActiveCfg = Debug|Any CPU
		{CEBA7782-14B5-46C0-AECE-4FB3CA0B34B9}.Debug|Any CPU.Build.0 = Debug|Any CPU
		{CEBA7782-14B5-46C0-AECE-4FB3CA0B34B9}.Debug|x64.ActiveCfg = Debug|Any CPU
		{CEBA7782-14B5-46C0-AECE-4FB3CA0B34B9}.Debug|x64.Build.0 = Debug|Any CPU
		{CEBA7782-14B5-46C0-AECE-4FB3CA0B34B9}.Debug|x86.ActiveCfg = Debug|Any CPU
		{CEBA7782-14B5-46C0-AECE-4FB3CA0B34B9}.Debug|x86.Build.0 = Debug|Any CPU
		{CEBA7782-14B5-46C0-AECE-4FB3CA0B34B9}.Release|Any CPU.ActiveCfg = Release|Any CPU
		{CEBA7782-14B5-46C0-AECE-4FB3CA0B34B9}.Release|Any CPU.Build.0 = Release|Any CPU
		{CEBA7782-14B5-46C0-AECE-4FB3CA0B34B9}.Release|x64.ActiveCfg = Release|Any CPU
		{CEBA7782-14B5-46C0-AECE-4FB3CA0B34B9}.Release|x64.Build.0 = Release|Any CPU
		{CEBA7782-14B5-46C0-AECE-4FB3CA0B34B9}.Release|x86.ActiveCfg = Release|Any CPU
		{CEBA7782-14B5-46C0-AECE-4FB3CA0B34B9}.Release|x86.Build.0 = Release|Any CPU
		{B14BB07B-8693-47C2-AA21-1EA6F97F9683}.Debug|Any CPU.ActiveCfg = Debug|Any CPU
		{B14BB07B-8693-47C2-AA21-1EA6F97F9683}.Debug|Any CPU.Build.0 = Debug|Any CPU
		{B14BB07B-8693-47C2-AA21-1EA6F97F9683}.Debug|x64.ActiveCfg = Debug|Any CPU
		{B14BB07B-8693-47C2-AA21-1EA6F97F9683}.Debug|x64.Build.0 = Debug|Any CPU
		{B14BB07B-8693-47C2-AA21-1EA6F97F9683}.Debug|x86.ActiveCfg = Debug|Any CPU
		{B14BB07B-8693-47C2-AA21-1EA6F97F9683}.Debug|x86.Build.0 = Debug|Any CPU
		{B14BB07B-8693-47C2-AA21-1EA6F97F9683}.Release|Any CPU.ActiveCfg = Release|Any CPU
		{B14BB07B-8693-47C2-AA21-1EA6F97F9683}.Release|Any CPU.Build.0 = Release|Any CPU
		{B14BB07B-8693-47C2-AA21-1EA6F97F9683}.Release|x64.ActiveCfg = Release|Any CPU
		{B14BB07B-8693-47C2-AA21-1EA6F97F9683}.Release|x64.Build.0 = Release|Any CPU
		{B14BB07B-8693-47C2-AA21-1EA6F97F9683}.Release|x86.ActiveCfg = Release|Any CPU
		{B14BB07B-8693-47C2-AA21-1EA6F97F9683}.Release|x86.Build.0 = Release|Any CPU
		{876CD27E-9228-486A-B1AE-6A9911492D68}.Debug|Any CPU.ActiveCfg = Debug|Any CPU
		{876CD27E-9228-486A-B1AE-6A9911492D68}.Debug|Any CPU.Build.0 = Debug|Any CPU
		{876CD27E-9228-486A-B1AE-6A9911492D68}.Debug|x64.ActiveCfg = Debug|Any CPU
		{876CD27E-9228-486A-B1AE-6A9911492D68}.Debug|x64.Build.0 = Debug|Any CPU
		{876CD27E-9228-486A-B1AE-6A9911492D68}.Debug|x86.ActiveCfg = Debug|Any CPU
		{876CD27E-9228-486A-B1AE-6A9911492D68}.Debug|x86.Build.0 = Debug|Any CPU
		{876CD27E-9228-486A-B1AE-6A9911492D68}.Release|Any CPU.ActiveCfg = Release|Any CPU
		{876CD27E-9228-486A-B1AE-6A9911492D68}.Release|Any CPU.Build.0 = Release|Any CPU
		{876CD27E-9228-486A-B1AE-6A9911492D68}.Release|x64.ActiveCfg = Release|Any CPU
		{876CD27E-9228-486A-B1AE-6A9911492D68}.Release|x64.Build.0 = Release|Any CPU
		{876CD27E-9228-486A-B1AE-6A9911492D68}.Release|x86.ActiveCfg = Release|Any CPU
		{876CD27E-9228-486A-B1AE-6A9911492D68}.Release|x86.Build.0 = Release|Any CPU
		{CD3767EE-8BBB-4C9C-99BB-52607681BB7D}.Debug|Any CPU.ActiveCfg = Debug|Any CPU
		{CD3767EE-8BBB-4C9C-99BB-52607681BB7D}.Debug|Any CPU.Build.0 = Debug|Any CPU
		{CD3767EE-8BBB-4C9C-99BB-52607681BB7D}.Debug|x64.ActiveCfg = Debug|Any CPU
		{CD3767EE-8BBB-4C9C-99BB-52607681BB7D}.Debug|x64.Build.0 = Debug|Any CPU
		{CD3767EE-8BBB-4C9C-99BB-52607681BB7D}.Debug|x86.ActiveCfg = Debug|Any CPU
		{CD3767EE-8BBB-4C9C-99BB-52607681BB7D}.Debug|x86.Build.0 = Debug|Any CPU
		{CD3767EE-8BBB-4C9C-99BB-52607681BB7D}.Release|Any CPU.ActiveCfg = Release|Any CPU
		{CD3767EE-8BBB-4C9C-99BB-52607681BB7D}.Release|Any CPU.Build.0 = Release|Any CPU
		{CD3767EE-8BBB-4C9C-99BB-52607681BB7D}.Release|x64.ActiveCfg = Release|Any CPU
		{CD3767EE-8BBB-4C9C-99BB-52607681BB7D}.Release|x64.Build.0 = Release|Any CPU
		{CD3767EE-8BBB-4C9C-99BB-52607681BB7D}.Release|x86.ActiveCfg = Release|Any CPU
		{CD3767EE-8BBB-4C9C-99BB-52607681BB7D}.Release|x86.Build.0 = Release|Any CPU
		{344CE2E7-4A8C-4D1E-9F92-521907A6F40F}.Debug|Any CPU.ActiveCfg = Debug|Any CPU
		{344CE2E7-4A8C-4D1E-9F92-521907A6F40F}.Debug|Any CPU.Build.0 = Debug|Any CPU
		{344CE2E7-4A8C-4D1E-9F92-521907A6F40F}.Debug|x64.ActiveCfg = Debug|Any CPU
		{344CE2E7-4A8C-4D1E-9F92-521907A6F40F}.Debug|x64.Build.0 = Debug|Any CPU
		{344CE2E7-4A8C-4D1E-9F92-521907A6F40F}.Debug|x86.ActiveCfg = Debug|Any CPU
		{344CE2E7-4A8C-4D1E-9F92-521907A6F40F}.Debug|x86.Build.0 = Debug|Any CPU
		{344CE2E7-4A8C-4D1E-9F92-521907A6F40F}.Release|Any CPU.ActiveCfg = Release|Any CPU
		{344CE2E7-4A8C-4D1E-9F92-521907A6F40F}.Release|Any CPU.Build.0 = Release|Any CPU
		{344CE2E7-4A8C-4D1E-9F92-521907A6F40F}.Release|x64.ActiveCfg = Release|Any CPU
		{344CE2E7-4A8C-4D1E-9F92-521907A6F40F}.Release|x64.Build.0 = Release|Any CPU
		{344CE2E7-4A8C-4D1E-9F92-521907A6F40F}.Release|x86.ActiveCfg = Release|Any CPU
		{344CE2E7-4A8C-4D1E-9F92-521907A6F40F}.Release|x86.Build.0 = Release|Any CPU
		{C4AEBD0D-F877-42B3-A208-E6ED3D65EB9C}.Debug|Any CPU.ActiveCfg = Debug|Any CPU
		{C4AEBD0D-F877-42B3-A208-E6ED3D65EB9C}.Debug|Any CPU.Build.0 = Debug|Any CPU
		{C4AEBD0D-F877-42B3-A208-E6ED3D65EB9C}.Debug|x64.ActiveCfg = Debug|Any CPU
		{C4AEBD0D-F877-42B3-A208-E6ED3D65EB9C}.Debug|x64.Build.0 = Debug|Any CPU
		{C4AEBD0D-F877-42B3-A208-E6ED3D65EB9C}.Debug|x86.ActiveCfg = Debug|Any CPU
		{C4AEBD0D-F877-42B3-A208-E6ED3D65EB9C}.Debug|x86.Build.0 = Debug|Any CPU
		{C4AEBD0D-F877-42B3-A208-E6ED3D65EB9C}.Release|Any CPU.ActiveCfg = Release|Any CPU
		{C4AEBD0D-F877-42B3-A208-E6ED3D65EB9C}.Release|Any CPU.Build.0 = Release|Any CPU
		{C4AEBD0D-F877-42B3-A208-E6ED3D65EB9C}.Release|x64.ActiveCfg = Release|Any CPU
		{C4AEBD0D-F877-42B3-A208-E6ED3D65EB9C}.Release|x64.Build.0 = Release|Any CPU
		{C4AEBD0D-F877-42B3-A208-E6ED3D65EB9C}.Release|x86.ActiveCfg = Release|Any CPU
		{C4AEBD0D-F877-42B3-A208-E6ED3D65EB9C}.Release|x86.Build.0 = Release|Any CPU
		{B4954C6B-C80F-400D-8FB8-4F17A9B38D65}.Debug|Any CPU.ActiveCfg = Debug|Any CPU
		{B4954C6B-C80F-400D-8FB8-4F17A9B38D65}.Debug|Any CPU.Build.0 = Debug|Any CPU
		{B4954C6B-C80F-400D-8FB8-4F17A9B38D65}.Debug|x64.ActiveCfg = Debug|Any CPU
		{B4954C6B-C80F-400D-8FB8-4F17A9B38D65}.Debug|x64.Build.0 = Debug|Any CPU
		{B4954C6B-C80F-400D-8FB8-4F17A9B38D65}.Debug|x86.ActiveCfg = Debug|Any CPU
		{B4954C6B-C80F-400D-8FB8-4F17A9B38D65}.Debug|x86.Build.0 = Debug|Any CPU
		{B4954C6B-C80F-400D-8FB8-4F17A9B38D65}.Release|Any CPU.ActiveCfg = Release|Any CPU
		{B4954C6B-C80F-400D-8FB8-4F17A9B38D65}.Release|Any CPU.Build.0 = Release|Any CPU
		{B4954C6B-C80F-400D-8FB8-4F17A9B38D65}.Release|x64.ActiveCfg = Release|Any CPU
		{B4954C6B-C80F-400D-8FB8-4F17A9B38D65}.Release|x64.Build.0 = Release|Any CPU
		{B4954C6B-C80F-400D-8FB8-4F17A9B38D65}.Release|x86.ActiveCfg = Release|Any CPU
		{B4954C6B-C80F-400D-8FB8-4F17A9B38D65}.Release|x86.Build.0 = Release|Any CPU
		{D0AAA75E-27DA-42E9-8AED-18697DEC029B}.Debug|Any CPU.ActiveCfg = Debug|Any CPU
		{D0AAA75E-27DA-42E9-8AED-18697DEC029B}.Debug|Any CPU.Build.0 = Debug|Any CPU
		{D0AAA75E-27DA-42E9-8AED-18697DEC029B}.Debug|x64.ActiveCfg = Debug|Any CPU
		{D0AAA75E-27DA-42E9-8AED-18697DEC029B}.Debug|x64.Build.0 = Debug|Any CPU
		{D0AAA75E-27DA-42E9-8AED-18697DEC029B}.Debug|x86.ActiveCfg = Debug|Any CPU
		{D0AAA75E-27DA-42E9-8AED-18697DEC029B}.Debug|x86.Build.0 = Debug|Any CPU
		{D0AAA75E-27DA-42E9-8AED-18697DEC029B}.Release|Any CPU.ActiveCfg = Release|Any CPU
		{D0AAA75E-27DA-42E9-8AED-18697DEC029B}.Release|Any CPU.Build.0 = Release|Any CPU
		{D0AAA75E-27DA-42E9-8AED-18697DEC029B}.Release|x64.ActiveCfg = Release|Any CPU
		{D0AAA75E-27DA-42E9-8AED-18697DEC029B}.Release|x64.Build.0 = Release|Any CPU
		{D0AAA75E-27DA-42E9-8AED-18697DEC029B}.Release|x86.ActiveCfg = Release|Any CPU
		{D0AAA75E-27DA-42E9-8AED-18697DEC029B}.Release|x86.Build.0 = Release|Any CPU
		{466FD029-CB67-4D29-9ECE-B72AB3F31DCF}.Debug|Any CPU.ActiveCfg = Debug|Any CPU
		{466FD029-CB67-4D29-9ECE-B72AB3F31DCF}.Debug|Any CPU.Build.0 = Debug|Any CPU
		{466FD029-CB67-4D29-9ECE-B72AB3F31DCF}.Debug|x64.ActiveCfg = Debug|Any CPU
		{466FD029-CB67-4D29-9ECE-B72AB3F31DCF}.Debug|x64.Build.0 = Debug|Any CPU
		{466FD029-CB67-4D29-9ECE-B72AB3F31DCF}.Debug|x86.ActiveCfg = Debug|Any CPU
		{466FD029-CB67-4D29-9ECE-B72AB3F31DCF}.Debug|x86.Build.0 = Debug|Any CPU
		{466FD029-CB67-4D29-9ECE-B72AB3F31DCF}.Release|Any CPU.ActiveCfg = Release|Any CPU
		{466FD029-CB67-4D29-9ECE-B72AB3F31DCF}.Release|Any CPU.Build.0 = Release|Any CPU
		{466FD029-CB67-4D29-9ECE-B72AB3F31DCF}.Release|x64.ActiveCfg = Release|Any CPU
		{466FD029-CB67-4D29-9ECE-B72AB3F31DCF}.Release|x64.Build.0 = Release|Any CPU
		{466FD029-CB67-4D29-9ECE-B72AB3F31DCF}.Release|x86.ActiveCfg = Release|Any CPU
		{466FD029-CB67-4D29-9ECE-B72AB3F31DCF}.Release|x86.Build.0 = Release|Any CPU
		{998640E0-80C5-4C9A-9751-5253421EE3F3}.Debug|Any CPU.ActiveCfg = Debug|Any CPU
		{998640E0-80C5-4C9A-9751-5253421EE3F3}.Debug|Any CPU.Build.0 = Debug|Any CPU
		{998640E0-80C5-4C9A-9751-5253421EE3F3}.Debug|x64.ActiveCfg = Debug|Any CPU
		{998640E0-80C5-4C9A-9751-5253421EE3F3}.Debug|x64.Build.0 = Debug|Any CPU
		{998640E0-80C5-4C9A-9751-5253421EE3F3}.Debug|x86.ActiveCfg = Debug|Any CPU
		{998640E0-80C5-4C9A-9751-5253421EE3F3}.Debug|x86.Build.0 = Debug|Any CPU
		{998640E0-80C5-4C9A-9751-5253421EE3F3}.Release|Any CPU.ActiveCfg = Release|Any CPU
		{998640E0-80C5-4C9A-9751-5253421EE3F3}.Release|Any CPU.Build.0 = Release|Any CPU
		{998640E0-80C5-4C9A-9751-5253421EE3F3}.Release|x64.ActiveCfg = Release|Any CPU
		{998640E0-80C5-4C9A-9751-5253421EE3F3}.Release|x64.Build.0 = Release|Any CPU
		{998640E0-80C5-4C9A-9751-5253421EE3F3}.Release|x86.ActiveCfg = Release|Any CPU
		{998640E0-80C5-4C9A-9751-5253421EE3F3}.Release|x86.Build.0 = Release|Any CPU
		{81C3E814-E03A-4982-B657-20DE98CCD5D5}.Debug|Any CPU.ActiveCfg = Debug|Any CPU
		{81C3E814-E03A-4982-B657-20DE98CCD5D5}.Debug|Any CPU.Build.0 = Debug|Any CPU
		{81C3E814-E03A-4982-B657-20DE98CCD5D5}.Debug|x64.ActiveCfg = Debug|Any CPU
		{81C3E814-E03A-4982-B657-20DE98CCD5D5}.Debug|x64.Build.0 = Debug|Any CPU
		{81C3E814-E03A-4982-B657-20DE98CCD5D5}.Debug|x86.ActiveCfg = Debug|Any CPU
		{81C3E814-E03A-4982-B657-20DE98CCD5D5}.Debug|x86.Build.0 = Debug|Any CPU
		{81C3E814-E03A-4982-B657-20DE98CCD5D5}.Release|Any CPU.ActiveCfg = Release|Any CPU
		{81C3E814-E03A-4982-B657-20DE98CCD5D5}.Release|Any CPU.Build.0 = Release|Any CPU
		{81C3E814-E03A-4982-B657-20DE98CCD5D5}.Release|x64.ActiveCfg = Release|Any CPU
		{81C3E814-E03A-4982-B657-20DE98CCD5D5}.Release|x64.Build.0 = Release|Any CPU
		{81C3E814-E03A-4982-B657-20DE98CCD5D5}.Release|x86.ActiveCfg = Release|Any CPU
		{81C3E814-E03A-4982-B657-20DE98CCD5D5}.Release|x86.Build.0 = Release|Any CPU
	EndGlobalSection
	GlobalSection(SolutionProperties) = preSolution
		HideSolutionNode = FALSE
	EndGlobalSection
	GlobalSection(ExtensibilityGlobals) = postSolution
		SolutionGuid = {A660E6D4-CEE5-4530-9BB0-156FD54AA068}
	EndGlobalSection
EndGlobal
